
Microsoft Visual Studio Solution File, Format Version 12.00
# Visual Studio 15
VisualStudioVersion = 15.0.28307.1401
MinimumVisualStudioVersion = 10.0.40219.1
Project("{8BC9CEB8-8B4A-11D0-8D11-00A0C91BC942}") = "HomeWork8", "HomeWork8\HomeWork8.vcxproj", "{E6BF4903-7C35-4527-AC6F-7EA572E287FA}"
EndProject
Global
	GlobalSection(SolutionConfigurationPlatforms) = preSolution
		Debug|x64 = Debug|x64
		Debug|x86 = Debug|x86
		Release|x64 = Release|x64
		Release|x86 = Release|x86
	EndGlobalSection
	GlobalSection(ProjectConfigurationPlatforms) = postSolution
		{E6BF4903-7C35-4527-AC6F-7EA572E287FA}.Debug|x64.ActiveCfg = Debug|x64
		{E6BF4903-7C35-4527-AC6F-7EA572E287FA}.Debug|x64.Build.0 = Debug|x64
		{E6BF4903-7C35-4527-AC6F-7EA572E287FA}.Debug|x86.ActiveCfg = Debug|Win32
		{E6BF4903-7C35-4527-AC6F-7EA572E287FA}.Debug|x86.Build.0 = Debug|Win32
		{E6BF4903-7C35-4527-AC6F-7EA572E287FA}.Release|x64.ActiveCfg = Release|x64
		{E6BF4903-7C35-4527-AC6F-7EA572E287FA}.Release|x64.Build.0 = Release|x64
		{E6BF4903-7C35-4527-AC6F-7EA572E287FA}.Release|x86.ActiveCfg = Release|Win32
		{E6BF4903-7C35-4527-AC6F-7EA572E287FA}.Release|x86.Build.0 = Release|Win32
	EndGlobalSection
	GlobalSection(SolutionProperties) = preSolution
		HideSolutionNode = FALSE
	EndGlobalSection
	GlobalSection(ExtensibilityGlobals) = postSolution
		SolutionGuid = {591EC77A-6ABF-4510-A68B-542641CBA8A0}
	EndGlobalSection
EndGlobal
